
Microsoft Visual Studio Solution File, Format Version 12.00
# Visual Studio 2013
VisualStudioVersion = 12.0.31101.0
MinimumVisualStudioVersion = 10.0.40219.1
Project("{FAE04EC0-301F-11D3-BF4B-00C04F79EFBC}") = "PersonalSite.WebUI", "PersonalSite.WebUI\PersonalSite.WebUI.csproj", "{495B128C-EB85-4B2A-ACBA-2B1805255E7B}"
EndProject
Project("{FAE04EC0-301F-11D3-BF4B-00C04F79EFBC}") = "PersonalSite.DataAccess", "PersonalSite.DataAccess\PersonalSite.DataAccess.csproj", "{D486161B-CD87-4FE1-B4D0-EB1CAE1F86D2}"
EndProject
Project("{FAE04EC0-301F-11D3-BF4B-00C04F79EFBC}") = "PersonalSite.Service", "PersonalSite.Service\PersonalSite.Service.csproj", "{8C68066E-2319-45EC-ACA8-18F4027ABD69}"
EndProject
Project("{FAE04EC0-301F-11D3-BF4B-00C04F79EFBC}") = "PersonalSite.Infra", "PersonalSite.Infra\PersonalSite.Infra.csproj", "{CFC6F9FD-9531-4BD9-B0BC-E7C515A50EB6}"
EndProject
Project("{FAE04EC0-301F-11D3-BF4B-00C04F79EFBC}") = "PersonalSite.Domain", "PersonalSite.Domain\PersonalSite.Domain.csproj", "{D867FD02-9846-4715-AB7E-3A708781E95A}"
EndProject
Project("{FAE04EC0-301F-11D3-BF4B-00C04F79EFBC}") = "PersonalSite.Test", "PersonalSite.Test\PersonalSite.Test.csproj", "{AD19767F-F3B0-44EE-8993-5B7341F5D260}"
EndProject
Global
	GlobalSection(SolutionConfigurationPlatforms) = preSolution
		Debug|Any CPU = Debug|Any CPU
		Release|Any CPU = Release|Any CPU
	EndGlobalSection
	GlobalSection(ProjectConfigurationPlatforms) = postSolution
		{495B128C-EB85-4B2A-ACBA-2B1805255E7B}.Debug|Any CPU.ActiveCfg = Release|Any CPU
		{495B128C-EB85-4B2A-ACBA-2B1805255E7B}.Debug|Any CPU.Build.0 = Release|Any CPU
		{495B128C-EB85-4B2A-ACBA-2B1805255E7B}.Release|Any CPU.ActiveCfg = Debug|Any CPU
		{495B128C-EB85-4B2A-ACBA-2B1805255E7B}.Release|Any CPU.Build.0 = Debug|Any CPU
		{D486161B-CD87-4FE1-B4D0-EB1CAE1F86D2}.Debug|Any CPU.ActiveCfg = Release|Any CPU
		{D486161B-CD87-4FE1-B4D0-EB1CAE1F86D2}.Debug|Any CPU.Build.0 = Release|Any CPU
		{D486161B-CD87-4FE1-B4D0-EB1CAE1F86D2}.Release|Any CPU.ActiveCfg = Debug|Any CPU
		{D486161B-CD87-4FE1-B4D0-EB1CAE1F86D2}.Release|Any CPU.Build.0 = Debug|Any CPU
		{8C68066E-2319-45EC-ACA8-18F4027ABD69}.Debug|Any CPU.ActiveCfg = Debug|Any CPU
		{8C68066E-2319-45EC-ACA8-18F4027ABD69}.Debug|Any CPU.Build.0 = Debug|Any CPU
		{8C68066E-2319-45EC-ACA8-18F4027ABD69}.Release|Any CPU.ActiveCfg = Release|Any CPU
		{8C68066E-2319-45EC-ACA8-18F4027ABD69}.Release|Any CPU.Build.0 = Release|Any CPU
		{CFC6F9FD-9531-4BD9-B0BC-E7C515A50EB6}.Debug|Any CPU.ActiveCfg = Debug|Any CPU
		{CFC6F9FD-9531-4BD9-B0BC-E7C515A50EB6}.Debug|Any CPU.Build.0 = Debug|Any CPU
		{CFC6F9FD-9531-4BD9-B0BC-E7C515A50EB6}.Release|Any CPU.ActiveCfg = Release|Any CPU
		{CFC6F9FD-9531-4BD9-B0BC-E7C515A50EB6}.Release|Any CPU.Build.0 = Release|Any CPU
		{D867FD02-9846-4715-AB7E-3A708781E95A}.Debug|Any CPU.ActiveCfg = Debug|Any CPU
		{D867FD02-9846-4715-AB7E-3A708781E95A}.Debug|Any CPU.Build.0 = Debug|Any CPU
		{D867FD02-9846-4715-AB7E-3A708781E95A}.Release|Any CPU.ActiveCfg = Release|Any CPU
		{D867FD02-9846-4715-AB7E-3A708781E95A}.Release|Any CPU.Build.0 = Release|Any CPU
		{AD19767F-F3B0-44EE-8993-5B7341F5D260}.Debug|Any CPU.ActiveCfg = Debug|Any CPU
		{AD19767F-F3B0-44EE-8993-5B7341F5D260}.Debug|Any CPU.Build.0 = Debug|Any CPU
		{AD19767F-F3B0-44EE-8993-5B7341F5D260}.Release|Any CPU.ActiveCfg = Release|Any CPU
		{AD19767F-F3B0-44EE-8993-5B7341F5D260}.Release|Any CPU.Build.0 = Release|Any CPU
	EndGlobalSection
	GlobalSection(SolutionProperties) = preSolution
		HideSolutionNode = FALSE
	EndGlobalSection
EndGlobal
